
Microsoft Visual Studio Solution File, Format Version 12.00
# Visual Studio Version 17
VisualStudioVersion = 17.5.33530.505
MinimumVisualStudioVersion = 10.0.40219.1
Project("{9A19103F-16F7-4668-BE54-9A1E7A4F7556}") = "WebBetDW.Core", "WebBetDW.Core\WebBetDW.Core.csproj", "{F8811E16-6FD1-499B-9FA3-5B194455E7A9}"
EndProject
Project("{9A19103F-16F7-4668-BE54-9A1E7A4F7556}") = "WebBetDW.Context", "WebBetDW.Context\WebBetDW.Context.csproj", "{A0425C36-908B-4054-8A88-02786754D55C}"
EndProject
Project("{9A19103F-16F7-4668-BE54-9A1E7A4F7556}") = "WebBetDW.Models", "WebBetDW.Module\WebBetDW.Models.csproj", "{2B7FCDA3-58B7-4B9E-9FEA-FA95330AE7FF}"
EndProject
Project("{9A19103F-16F7-4668-BE54-9A1E7A4F7556}") = "WebBetDW.Ioc", "WebBetDW.Ioc\WebBetDW.Ioc.csproj", "{833C0129-1969-41CD-9406-1B84D68A036E}"
EndProject
Project("{FAE04EC0-301F-11D3-BF4B-00C04F79EFBC}") = "WebBetDW.Api", "WebBetDW.Api\WebBetDW.Api.csproj", "{6E26DFA0-E0F1-40A9-8D66-3C5A551581B4}"
EndProject
Global
	GlobalSection(SolutionConfigurationPlatforms) = preSolution
		Debug|Any CPU = Debug|Any CPU
		Release|Any CPU = Release|Any CPU
	EndGlobalSection
	GlobalSection(ProjectConfigurationPlatforms) = postSolution
		{F8811E16-6FD1-499B-9FA3-5B194455E7A9}.Debug|Any CPU.ActiveCfg = Debug|Any CPU
		{F8811E16-6FD1-499B-9FA3-5B194455E7A9}.Debug|Any CPU.Build.0 = Debug|Any CPU
		{F8811E16-6FD1-499B-9FA3-5B194455E7A9}.Release|Any CPU.ActiveCfg = Release|Any CPU
		{F8811E16-6FD1-499B-9FA3-5B194455E7A9}.Release|Any CPU.Build.0 = Release|Any CPU
		{A0425C36-908B-4054-8A88-02786754D55C}.Debug|Any CPU.ActiveCfg = Debug|Any CPU
		{A0425C36-908B-4054-8A88-02786754D55C}.Debug|Any CPU.Build.0 = Debug|Any CPU
		{A0425C36-908B-4054-8A88-02786754D55C}.Release|Any CPU.ActiveCfg = Release|Any CPU
		{A0425C36-908B-4054-8A88-02786754D55C}.Release|Any CPU.Build.0 = Release|Any CPU
		{2B7FCDA3-58B7-4B9E-9FEA-FA95330AE7FF}.Debug|Any CPU.ActiveCfg = Debug|Any CPU
		{2B7FCDA3-58B7-4B9E-9FEA-FA95330AE7FF}.Debug|Any CPU.Build.0 = Debug|Any CPU
		{2B7FCDA3-58B7-4B9E-9FEA-FA95330AE7FF}.Release|Any CPU.ActiveCfg = Release|Any CPU
		{2B7FCDA3-58B7-4B9E-9FEA-FA95330AE7FF}.Release|Any CPU.Build.0 = Release|Any CPU
		{833C0129-1969-41CD-9406-1B84D68A036E}.Debug|Any CPU.ActiveCfg = Debug|Any CPU
		{833C0129-1969-41CD-9406-1B84D68A036E}.Debug|Any CPU.Build.0 = Debug|Any CPU
		{833C0129-1969-41CD-9406-1B84D68A036E}.Release|Any CPU.ActiveCfg = Release|Any CPU
		{833C0129-1969-41CD-9406-1B84D68A036E}.Release|Any CPU.Build.0 = Release|Any CPU
		{6E26DFA0-E0F1-40A9-8D66-3C5A551581B4}.Debug|Any CPU.ActiveCfg = Debug|Any CPU
		{6E26DFA0-E0F1-40A9-8D66-3C5A551581B4}.Debug|Any CPU.Build.0 = Debug|Any CPU
		{6E26DFA0-E0F1-40A9-8D66-3C5A551581B4}.Release|Any CPU.ActiveCfg = Release|Any CPU
		{6E26DFA0-E0F1-40A9-8D66-3C5A551581B4}.Release|Any CPU.Build.0 = Release|Any CPU
	EndGlobalSection
	GlobalSection(SolutionProperties) = preSolution
		HideSolutionNode = FALSE
	EndGlobalSection
	GlobalSection(ExtensibilityGlobals) = postSolution
		SolutionGuid = {4A1A2FE4-067F-4E85-89BA-7CB444CD2D5B}
	EndGlobalSection
EndGlobal
